
Microsoft Visual Studio Solution File, Format Version 12.00
# Visual Studio Version 16
VisualStudioVersion = 25.0.1706.1
MinimumVisualStudioVersion = 10.0.40219.1
Project("{FAE04EC0-301F-11D3-BF4B-00C04F79EFBC}") = "FlyFlex", "flights\FlyFlex.csproj", "{D81962D8-5A8B-4891-8FE6-8A16E35E47B9}"
EndProject
Global
	GlobalSection(SolutionConfigurationPlatforms) = preSolution
		Debug|Any CPU = Debug|Any CPU
		Release|Any CPU = Release|Any CPU
	EndGlobalSection
	GlobalSection(ProjectConfigurationPlatforms) = postSolution
		{D81962D8-5A8B-4891-8FE6-8A16E35E47B9}.Debug|Any CPU.ActiveCfg = Debug|Any CPU
		{D81962D8-5A8B-4891-8FE6-8A16E35E47B9}.Debug|Any CPU.Build.0 = Debug|Any CPU
		{D81962D8-5A8B-4891-8FE6-8A16E35E47B9}.Release|Any CPU.ActiveCfg = Release|Any CPU
		{D81962D8-5A8B-4891-8FE6-8A16E35E47B9}.Release|Any CPU.Build.0 = Release|Any CPU
	EndGlobalSection
	GlobalSection(SolutionProperties) = preSolution
		HideSolutionNode = FALSE
	EndGlobalSection
	GlobalSection(ExtensibilityGlobals) = postSolution
		SolutionGuid = {8A413222-1EA6-4231-966D-5895AC6FC503}
	EndGlobalSection
EndGlobal
